// !$*UTF8*$!
{
	archiveVersion = 1;
	classes = {
	};
	objectVersion = 77;
	objects = {

/* Begin PBXBuildFile section */
		00B17F7921AF40CD70158B2E /* FriendListView.swift in Sources */ = {isa = PBXBuildFile; fileRef = 2B6B62DA94BDFBA4AD80F8A1 /* FriendListView.swift */; };
		05F908DDF6F5B560DEF36667 /* UserProfileResolver.swift in Sources */ = {isa = PBXBuildFile; fileRef = E38956A730D588006FFAF308 /* UserProfileResolver.swift */; };
		09C608E7ED472CBB8D3EC24E /* DirectChatService.swift in Sources */ = {isa = PBXBuildFile; fileRef = D932A305E9DA91FCB72B2D36 /* DirectChatService.swift */; };
		0B362DDAC424C2D97AA8B4BB /* tenant.pb.swift in Sources */ = {isa = PBXBuildFile; fileRef = 0B1ACDADAC04F2FB5824859F /* tenant.pb.swift */; };
		0C413AF1B8BC0E9FEB255129 /* ImageSaveHelper.swift in Sources */ = {isa = PBXBuildFile; fileRef = 5A12DC75B3CD0E1F620958DD /* ImageSaveHelper.swift */; };
		0CD0520C9EC19FA17B2C896B /* AppLogger.swift in Sources */ = {isa = PBXBuildFile; fileRef = 0F1F7949FDFBF8F8AAAB3A10 /* AppLogger.swift */; };
		106EE5972E356C200B8C475C /* SwiftMnemonic in Frameworks */ = {isa = PBXBuildFile; productRef = 13413BA24E06763D326438CC /* SwiftMnemonic */; };
		11BF60DEDB464BBC29041B7B /* APISchemas.generated.swift in Sources */ = {isa = PBXBuildFile; fileRef = DB7B71023BE25612CCFF2924 /* APISchemas.generated.swift */; };
		11C0697C000DF7E93DDFF5D3 /* FirebaseFirestore in Frameworks */ = {isa = PBXBuildFile; productRef = 843D20C5C1EE219362DCBF39 /* FirebaseFirestore */; };
		14026010C5E38940B2E0EF14 /* ULID in Frameworks */ = {isa = PBXBuildFile; productRef = 7051210C1CCF956B15728EB2 /* ULID */; };
		17F9920863735655FA9199F9 /* LegalMarkdownView.swift in Sources */ = {isa = PBXBuildFile; fileRef = 9F86BE8E42C086F10E555793 /* LegalMarkdownView.swift */; };
		19147032001F1578E179221F /* CryptoKeyManager.swift in Sources */ = {isa = PBXBuildFile; fileRef = CB174DA53133AD4E358D0543 /* CryptoKeyManager.swift */; };
		2064F07BB18E1BBD3D813166 /* AddFriendView.swift in Sources */ = {isa = PBXBuildFile; fileRef = 7EA4BA804481E4CD6F06AB8B /* AddFriendView.swift */; };
		2107C9CB6FDC143ACF85B566 /* GoogleService-Info.plist in Resources */ = {isa = PBXBuildFile; fileRef = 17DC4D85E6209648DE2C2719 /* GoogleService-Info.plist */; };
		226F6A4764327930953CE0E8 /* FriendInvitationTests.swift in Sources */ = {isa = PBXBuildFile; fileRef = 110A108EC499613F06260DAB /* FriendInvitationTests.swift */; };
		245151BDA6BD3E13D6B53B60 /* GroupDetailView.swift in Sources */ = {isa = PBXBuildFile; fileRef = 42F597F57F9CC8FCE24FAED9 /* GroupDetailView.swift */; };
		24974A3A2474DB0ED79B64D9 /* DirectChatServiceTests.swift in Sources */ = {isa = PBXBuildFile; fileRef = 2257A684A65505B5D975DFAF /* DirectChatServiceTests.swift */; };
		24D0348E9A56818D2DB4F5D3 /* MessageRepository.swift in Sources */ = {isa = PBXBuildFile; fileRef = 91746E05151A8A98BB35283E /* MessageRepository.swift */; };
		2790B236D73056B512FD5521 /* GoogleService-Info.plist.example in Resources */ = {isa = PBXBuildFile; fileRef = E47EB0AAA0942E9FAD966EAF /* GoogleService-Info.plist.example */; };
		27AF1AA75F91101FCA01459E /* terms_of_service.md in Resources */ = {isa = PBXBuildFile; fileRef = 5670FC515F3A862FDDD0C44F /* terms_of_service.md */; };
		2860766FCE37605A1AF65C28 /* MnemonicManager.swift in Sources */ = {isa = PBXBuildFile; fileRef = 34418B284BBA78F6590B6F76 /* MnemonicManager.swift */; };
		287E1013270E85408A12F57D /* SwiftProtobuf in Frameworks */ = {isa = PBXBuildFile; productRef = F34AF2C8808DC5C87DBA377C /* SwiftProtobuf */; };
		2E38D78BE44168B25FB59879 /* TenantManager.swift in Sources */ = {isa = PBXBuildFile; fileRef = 565584475C317EEC83A29DFD /* TenantManager.swift */; };
		2E3D44FEDEE83CF5E7E60D0D /* FriendRepository.swift in Sources */ = {isa = PBXBuildFile; fileRef = 8C3372477D89C3B7C93682B3 /* FriendRepository.swift */; };
		30CC652E859111996CF99B3A /* LoginView.swift in Sources */ = {isa = PBXBuildFile; fileRef = 91D3C03BA1244EA258513B9C /* LoginView.swift */; };
		313B8036D8076C092433EF9C /* ToastNotificationManager.swift in Sources */ = {isa = PBXBuildFile; fileRef = 7E870B04CB55396AA196C5EA /* ToastNotificationManager.swift */; };
		34A77CA3C504F568E54CAD70 /* GroupChatServiceTests.swift in Sources */ = {isa = PBXBuildFile; fileRef = 191294B086311E44BAB0875A /* GroupChatServiceTests.swift */; };
		34BE2AD837446486CF607C20 /* MainTabView.swift in Sources */ = {isa = PBXBuildFile; fileRef = 6B6566578026DEF531283462 /* MainTabView.swift */; };
		354FB33E33AC9B6EF80A3BD6 /* Localizable.strings in Resources */ = {isa = PBXBuildFile; fileRef = 982F65C0D7D0C26650254749 /* Localizable.strings */; };
		36861C1DC788103A37D1C084 /* BlockManager.swift in Sources */ = {isa = PBXBuildFile; fileRef = 3630942E9BEE496896B42A65 /* BlockManager.swift */; };
		38BC7C13425562115454F2FD /* UserRepository.swift in Sources */ = {isa = PBXBuildFile; fileRef = 37D9B246340375349DB680A2 /* UserRepository.swift */; };
		3A2333C6B5AF282771E286C6 /* TenantRepository.swift in Sources */ = {isa = PBXBuildFile; fileRef = FF255C2140EC8D1EFB180E3A /* TenantRepository.swift */; };
		45F275B906350B5D1BF4105C /* L10n.swift in Sources */ = {isa = PBXBuildFile; fileRef = 1B80054EF7CBD323CD9C1207 /* L10n.swift */; };
		46F53CA0F7783E87945541DA /* Base58Swift in Frameworks */ = {isa = PBXBuildFile; productRef = F7675460E7EC690DE77B2CF3 /* Base58Swift */; };
		48F247699B6525301366BCAE /* PrivacyInfo.xcprivacy in Resources */ = {isa = PBXBuildFile; fileRef = D3D6E79E66D9200AC47B80F8 /* PrivacyInfo.xcprivacy */; };
		4A49D1C8F50F6A2045C2D8B6 /* ReadReceiptServiceTests.swift in Sources */ = {isa = PBXBuildFile; fileRef = 740BFAEC84E77B0229BF5FDD /* ReadReceiptServiceTests.swift */; };
		4A7880FE529F84723CD094D9 /* SwiftMnemonic in Frameworks */ = {isa = PBXBuildFile; productRef = 79A5D86B008FB84CD73674AA /* SwiftMnemonic */; };
		4BDA6B8814AF5417E8C7888B /* ToastNotificationManagerTests.swift in Sources */ = {isa = PBXBuildFile; fileRef = F1210A3AB46980769A184FB5 /* ToastNotificationManagerTests.swift */; };
		4BF224C168AD13B15D566172 /* PresetTenant.plist in Resources */ = {isa = PBXBuildFile; fileRef = 8CF1E654734996084DE28F2D /* PresetTenant.plist */; };
		4D81E4E4CBDED389B9A6C03F /* Base58Swift in Frameworks */ = {isa = PBXBuildFile; productRef = F8EF690242180F32CE8BB5A3 /* Base58Swift */; };
		5045A2D21B50A6E8BCD1F7BA /* UserAvatarView.swift in Sources */ = {isa = PBXBuildFile; fileRef = EDDA2192716162B5698ADDC5 /* UserAvatarView.swift */; };
		518C37F2619C158A77E524AE /* SplashView.swift in Sources */ = {isa = PBXBuildFile; fileRef = B0D392EFF94E30781BCDF932 /* SplashView.swift */; };
		530572824AD25FEB96BE1B92 /* UnreadChatTests.swift in Sources */ = {isa = PBXBuildFile; fileRef = C3727B6687CBB22EE5083B11 /* UnreadChatTests.swift */; };
		53B07D6A9EB801FF0EE68EDD /* RecoveryPhraseTests.swift in Sources */ = {isa = PBXBuildFile; fileRef = 94AE9645F86F97088044D698 /* RecoveryPhraseTests.swift */; };
		574C46EC222CD1372215BAC8 /* ChatDetailView.swift in Sources */ = {isa = PBXBuildFile; fileRef = 1733EFBFE3310DDC3162EEFF /* ChatDetailView.swift */; };
		58BC2D67077228219E356A6C /* HomeView.swift in Sources */ = {isa = PBXBuildFile; fileRef = CDD9B7ABBCBDABB52E419383 /* HomeView.swift */; };
		633869E62ABF7E5C80999BCA /* UserDevice.swift in Sources */ = {isa = PBXBuildFile; fileRef = D828F1E31CD6F35336DDFCCF /* UserDevice.swift */; };
		64C65F4F92D43373B15AB8BA /* common.pb.swift in Sources */ = {isa = PBXBuildFile; fileRef = 9474BB46F28B24E4D2E05D1E /* common.pb.swift */; };
		6529A0B76BD39BAED03FCC2E /* AuthService.swift in Sources */ = {isa = PBXBuildFile; fileRef = B54BB832C47926015C4B8A67 /* AuthService.swift */; };
		654EC337D4FB3017B9EF5251 /* R2Config.plist in Resources */ = {isa = PBXBuildFile; fileRef = 24A914712C89236342ED35B3 /* R2Config.plist */; };
		6568875089F32FD52FBAF027 /* KeyBucketRepository.swift in Sources */ = {isa = PBXBuildFile; fileRef = 4D9BC65F5B28B01CDA532088 /* KeyBucketRepository.swift */; };
		6876CBD3A8CACF317213F58E /* InfoPlist.strings in Resources */ = {isa = PBXBuildFile; fileRef = C08352916444D75EB48A834A /* InfoPlist.strings */; };
		6A55CA678C9DCC8DAAD5061C /* RootView.swift in Sources */ = {isa = PBXBuildFile; fileRef = 4284E558373A7F66B54F71CD /* RootView.swift */; };
		6D1FAFC0C2A48805D938742D /* message.pb.swift in Sources */ = {isa = PBXBuildFile; fileRef = C865A7F08BE5EE75FA404A86 /* message.pb.swift */; };
		6E364A4661AC7DFB3A95C32B /* AppInfoView.swift in Sources */ = {isa = PBXBuildFile; fileRef = 39B39E93BE5A8F667E78E2B3 /* AppInfoView.swift */; };
		6E56001E6D461263F26716D4 /* InAppToast.swift in Sources */ = {isa = PBXBuildFile; fileRef = E398E98BC6D08ED8318A22C7 /* InAppToast.swift */; };
		73D77DB5772733AC7F44523D /* WorkerConfig.swift in Sources */ = {isa = PBXBuildFile; fileRef = 764227E2A951DEC1C296E4D1 /* WorkerConfig.swift */; };
		76385C4FD4110E306D3E55D3 /* TwoDimensionalCodeScannerView.swift in Sources */ = {isa = PBXBuildFile; fileRef = FC462035DDAA42833047FB9A /* TwoDimensionalCodeScannerView.swift */; };
		763AD6C13FBC1F6457066D47 /* FirebaseAuth in Frameworks */ = {isa = PBXBuildFile; productRef = F118FFCB9DD858C7A0A80E52 /* FirebaseAuth */; };
		764E4DCC4823267C8E16B621 /* PrivacyPolicyView.swift in Sources */ = {isa = PBXBuildFile; fileRef = 1440ED71D3FB94B75E3E1697 /* PrivacyPolicyView.swift */; };
		7A0965B56A1FC40F1BF8D0EA /* LicenseListView.swift in Sources */ = {isa = PBXBuildFile; fileRef = 46392499F66988C7EABFDEE8 /* LicenseListView.swift */; };
		7F8AF88715391198C9EAFABF /* ImagePickerView.swift in Sources */ = {isa = PBXBuildFile; fileRef = 30447B9B124D661D4FA1BF8C /* ImagePickerView.swift */; };
		7FB2E9F596C3B632ECBC3C80 /* ToastBannerView.swift in Sources */ = {isa = PBXBuildFile; fileRef = C511C266F0E54EC5E548D35F /* ToastBannerView.swift */; };
		81F1FC60F9C4037BE353868B /* AuthServiceTests.swift in Sources */ = {isa = PBXBuildFile; fileRef = A51A56B559F9A7916EAF854D /* AuthServiceTests.swift */; };
		85F6A33F346E4CBEB5DC1C71 /* AppTheme.swift in Sources */ = {isa = PBXBuildFile; fileRef = F46B1D4C2F1C0972C55CF64D /* AppTheme.swift */; };
		87CA0724A7824B7EB8C4F035 /* user.pb.swift in Sources */ = {isa = PBXBuildFile; fileRef = 7DC45DCE17FFA7BE9C344104 /* user.pb.swift */; };
		8906C1C04111555197467F48 /* GroupChatService.swift in Sources */ = {isa = PBXBuildFile; fileRef = 4BCCFE6782E63782D6903668 /* GroupChatService.swift */; };
		8A68F86C2F1CB50E9AFA13A9 /* TenantSelectionView.swift in Sources */ = {isa = PBXBuildFile; fileRef = 677874861ECB1893E610DCB1 /* TenantSelectionView.swift */; };
		8E189DC4E6314B7196205FAD /* AddGroupMemberSheet.swift in Sources */ = {isa = PBXBuildFile; fileRef = F0BFCAD6EFB3BC4F80C734F5 /* AddGroupMemberSheet.swift */; };
		900B98769607E2D987BC7CF2 /* R2Config.swift in Sources */ = {isa = PBXBuildFile; fileRef = 6F7C499FEC3A864FA5F4902A /* R2Config.swift */; };
		902C92EF0710E58688137F3D /* ProtobufModelExtensions.swift in Sources */ = {isa = PBXBuildFile; fileRef = 73EFF9BEBF88BD245D30582A /* ProtobufModelExtensions.swift */; };
		925AA0D4AB7D854196D029C2 /* chat.pb.swift in Sources */ = {isa = PBXBuildFile; fileRef = ED0E9E6440449A9F3F4D8985 /* chat.pb.swift */; };
		985B72245BD9A3AC1481EC5F /* NotificationManagerTests.swift in Sources */ = {isa = PBXBuildFile; fileRef = 58B7AA3B9BE74A7FDC9EF39C /* NotificationManagerTests.swift */; };
		989BA7D39154D0749A60AADE /* TermsOfServiceView.swift in Sources */ = {isa = PBXBuildFile; fileRef = 79686ACDAA84E4C3C33C0564 /* TermsOfServiceView.swift */; };
		9A659D23861531D6FD723C8A /* GroupAvatarView.swift in Sources */ = {isa = PBXBuildFile; fileRef = A5DDF5C457F30A5E64C80531 /* GroupAvatarView.swift */; };
		9FA94DEF3627ACFF95395175 /* MessageService.swift in Sources */ = {isa = PBXBuildFile; fileRef = F4E55771D2DF7D51DD94CEE5 /* MessageService.swift */; };
		A7071E847A1FCA9EA2EBD930 /* SettingsView.swift in Sources */ = {isa = PBXBuildFile; fileRef = 489C67992CA421C61D17B1E1 /* SettingsView.swift */; };
		A999CDB0066CF0A84B924D94 /* NotificationManager.swift in Sources */ = {isa = PBXBuildFile; fileRef = 2F95739EFF9D07446024EEF8 /* NotificationManager.swift */; };
		AB44BBE08DC79B3765473499 /* AttachmentRepository.swift in Sources */ = {isa = PBXBuildFile; fileRef = 2CAC79964A6E1F3FE8575A46 /* AttachmentRepository.swift */; };
		AB59456B68D03D1723C18FAF /* BlockedUsersView.swift in Sources */ = {isa = PBXBuildFile; fileRef = DE22A361D6DDD58B816736E5 /* BlockedUsersView.swift */; };
		ACC46324326623D433E405F8 /* friend.pb.swift in Sources */ = {isa = PBXBuildFile; fileRef = 16CBC033C3BB6387AF2EEFDA /* friend.pb.swift */; };
		B053E73BD86493140B7E098C /* AvatarRepository.swift in Sources */ = {isa = PBXBuildFile; fileRef = 00A0E4F421D19681024F04AB /* AvatarRepository.swift */; };
		B100FF78438350BCE778318E /* ReactionTypeTests.swift in Sources */ = {isa = PBXBuildFile; fileRef = 5F64846AAFBA969A28B5DE37 /* ReactionTypeTests.swift */; };
		B3A99794B2C923E58BAD10A6 /* EditProfileView.swift in Sources */ = {isa = PBXBuildFile; fileRef = 442E60A7622E1E4E241C5438 /* EditProfileView.swift */; };
		B8F8A42F949CE721CE93CAFF /* ChatRepository.swift in Sources */ = {isa = PBXBuildFile; fileRef = CC16F3F99E96F06398EEA0DE /* ChatRepository.swift */; };
		B99DA6ABD7FFCCDBC702D57C /* SafetyAndModerationTests.swift in Sources */ = {isa = PBXBuildFile; fileRef = BF8ACB4EC281197B12255079 /* SafetyAndModerationTests.swift */; };
		BA65EDFCBF2615F5E9FE44AF /* ChatFontSizeTests.swift in Sources */ = {isa = PBXBuildFile; fileRef = 62181210FF1E55F0C45BACCF /* ChatFontSizeTests.swift */; };
		BC567221FAA48C3E70534049 /* StoredTenant.swift in Sources */ = {isa = PBXBuildFile; fileRef = DFDB95891B042D43FAE6A8E2 /* StoredTenant.swift */; };
		BEC1492D721D439B830CFECA /* Assets.xcassets in Resources */ = {isa = PBXBuildFile; fileRef = CD36FC1580443FFBF44D7AEC /* Assets.xcassets */; };
		C30E4713B96E7E2AAA2E4087 /* CreateGroupView.swift in Sources */ = {isa = PBXBuildFile; fileRef = 4D53F1206AD03B5EE30104E9 /* CreateGroupView.swift */; };
		C3FEB69F446F51A56A9DD214 /* AuthValidationTests.swift in Sources */ = {isa = PBXBuildFile; fileRef = 888224E1799D1C7E1EED965C /* AuthValidationTests.swift */; };
		C4BE1E6F237ED0049C544708 /* PresetTenantConfig.swift in Sources */ = {isa = PBXBuildFile; fileRef = 6A2D0B0998D12338E964679F /* PresetTenantConfig.swift */; };
		C7223E69644D006855919E18 /* NotificationPermissionSheet.swift in Sources */ = {isa = PBXBuildFile; fileRef = 1271E9D8C813C0662E94AE60 /* NotificationPermissionSheet.swift */; };
		C7DB23DE1499B4066A764F3C /* ImageViewerView.swift in Sources */ = {isa = PBXBuildFile; fileRef = 2F5849BB87CA4BDB8E65B252 /* ImageViewerView.swift */; };
		CE0CACFE6FD36062538BF26C /* CryptoKeyManagerTests.swift in Sources */ = {isa = PBXBuildFile; fileRef = D565C3091DA5BECD9CC25D05 /* CryptoKeyManagerTests.swift */; };
		CE16D8113E6BA7AF3596E6AD /* MessageServiceTests.swift in Sources */ = {isa = PBXBuildFile; fileRef = 107F0E10985468772177D638 /* MessageServiceTests.swift */; };
		D844327022ECC6D8A104C2C1 /* LicenseLoaderTests.swift in Sources */ = {isa = PBXBuildFile; fileRef = 49803722F58E58CCF52E1B65 /* LicenseLoaderTests.swift */; };
		DA5E9DA388B3B67CB35E692A /* ULID in Frameworks */ = {isa = PBXBuildFile; productRef = CF4A672980744C252CE0BE17 /* ULID */; };
		DC31A55ADD9D19D59CCA2431 /* FriendsApp.swift in Sources */ = {isa = PBXBuildFile; fileRef = 001733C0CD611DF9D3816ED7 /* FriendsApp.swift */; };
		DCDD9973FE6E89F151C88707 /* ReactionRepository.swift in Sources */ = {isa = PBXBuildFile; fileRef = 9AAE26812CD356FC8FD5F061 /* ReactionRepository.swift */; };
		DD011AAC18DE2B0E2B29549E /* privacy_policy.md in Resources */ = {isa = PBXBuildFile; fileRef = E2B01FDA9481E4BE29123170 /* privacy_policy.md */; };
		E75DA81139836B4B7698E175 /* licenses.md in Resources */ = {isa = PBXBuildFile; fileRef = 292B6F35A4FFF6D31627B30C /* licenses.md */; };
		EC97B393060C2E0E30CED381 /* GroupListView.swift in Sources */ = {isa = PBXBuildFile; fileRef = 5CF3FF426059D141981394E0 /* GroupListView.swift */; };
		EF92B67BDEF41128689C8D39 /* R2Config.plist.example in Resources */ = {isa = PBXBuildFile; fileRef = 4C6C05015932A0DAB3ED3B51 /* R2Config.plist.example */; };
		F1DDFBD4665010D70C37F766 /* ReadReceiptRepository.swift in Sources */ = {isa = PBXBuildFile; fileRef = FCEECE7C03F984E10D3B0580 /* ReadReceiptRepository.swift */; };
		F4F53C4627E083FA6BF53A3A /* DeviceRepository.swift in Sources */ = {isa = PBXBuildFile; fileRef = 1EFB7D66205AD88688F4F660 /* DeviceRepository.swift */; };
		FA7F9A80F856BC745099B2C9 /* TenantSwitcherView.swift in Sources */ = {isa = PBXBuildFile; fileRef = 76E38FE27C768DC6B936C9B4 /* TenantSwitcherView.swift */; };
		FC73720015E3B722EB8F8558 /* TenantManagerTests.swift in Sources */ = {isa = PBXBuildFile; fileRef = 81E86AB8524D4EA5053C536B /* TenantManagerTests.swift */; };
		FE53CA89A49848EE6D05ECA3 /* FriendInvitationService.swift in Sources */ = {isa = PBXBuildFile; fileRef = CFD78F78EE81CC78390C270B /* FriendInvitationService.swift */; };
/* End PBXBuildFile section */

/* Begin PBXContainerItemProxy section */
		F94B26C59D3E86F01E65D54C /* PBXContainerItemProxy */ = {
			isa = PBXContainerItemProxy;
			containerPortal = E868AA7641A96F252AE83E55 /* Project object */;
			proxyType = 1;
			remoteGlobalIDString = FAA1F71DEF0745DEDF752565;
			remoteInfo = Friends;
		};
/* End PBXContainerItemProxy section */

/* Begin PBXFileReference section */
		001733C0CD611DF9D3816ED7 /* FriendsApp.swift */ = {isa = PBXFileReference; lastKnownFileType = sourcecode.swift; path = FriendsApp.swift; sourceTree = "<group>"; };
		00A0E4F421D19681024F04AB /* AvatarRepository.swift */ = {isa = PBXFileReference; lastKnownFileType = sourcecode.swift; path = AvatarRepository.swift; sourceTree = "<group>"; };
		05DDCF2D8BDE9701E3351AEF /* en */ = {isa = PBXFileReference; lastKnownFileType = text.plist.strings; name = en; path = en.lproj/InfoPlist.strings; sourceTree = "<group>"; };
		0B1ACDADAC04F2FB5824859F /* tenant.pb.swift */ = {isa = PBXFileReference; lastKnownFileType = sourcecode.swift; path = tenant.pb.swift; sourceTree = "<group>"; };
		0F1F7949FDFBF8F8AAAB3A10 /* AppLogger.swift */ = {isa = PBXFileReference; lastKnownFileType = sourcecode.swift; path = AppLogger.swift; sourceTree = "<group>"; };
		107F0E10985468772177D638 /* MessageServiceTests.swift */ = {isa = PBXFileReference; lastKnownFileType = sourcecode.swift; path = MessageServiceTests.swift; sourceTree = "<group>"; };
		110A108EC499613F06260DAB /* FriendInvitationTests.swift */ = {isa = PBXFileReference; lastKnownFileType = sourcecode.swift; path = FriendInvitationTests.swift; sourceTree = "<group>"; };
		1271E9D8C813C0662E94AE60 /* NotificationPermissionSheet.swift */ = {isa = PBXFileReference; lastKnownFileType = sourcecode.swift; path = NotificationPermissionSheet.swift; sourceTree = "<group>"; };
		1440ED71D3FB94B75E3E1697 /* PrivacyPolicyView.swift */ = {isa = PBXFileReference; lastKnownFileType = sourcecode.swift; path = PrivacyPolicyView.swift; sourceTree = "<group>"; };
		16CBC033C3BB6387AF2EEFDA /* friend.pb.swift */ = {isa = PBXFileReference; lastKnownFileType = sourcecode.swift; path = friend.pb.swift; sourceTree = "<group>"; };
		1733EFBFE3310DDC3162EEFF /* ChatDetailView.swift */ = {isa = PBXFileReference; lastKnownFileType = sourcecode.swift; path = ChatDetailView.swift; sourceTree = "<group>"; };
		17DC4D85E6209648DE2C2719 /* GoogleService-Info.plist */ = {isa = PBXFileReference; lastKnownFileType = text.plist; path = "GoogleService-Info.plist"; sourceTree = "<group>"; };
		191294B086311E44BAB0875A /* GroupChatServiceTests.swift */ = {isa = PBXFileReference; lastKnownFileType = sourcecode.swift; path = GroupChatServiceTests.swift; sourceTree = "<group>"; };
		1B80054EF7CBD323CD9C1207 /* L10n.swift */ = {isa = PBXFileReference; lastKnownFileType = sourcecode.swift; path = L10n.swift; sourceTree = "<group>"; };
		1EFB7D66205AD88688F4F660 /* DeviceRepository.swift */ = {isa = PBXFileReference; lastKnownFileType = sourcecode.swift; path = DeviceRepository.swift; sourceTree = "<group>"; };
		2257A684A65505B5D975DFAF /* DirectChatServiceTests.swift */ = {isa = PBXFileReference; lastKnownFileType = sourcecode.swift; path = DirectChatServiceTests.swift; sourceTree = "<group>"; };
		24A914712C89236342ED35B3 /* R2Config.plist */ = {isa = PBXFileReference; lastKnownFileType = text.plist; path = R2Config.plist; sourceTree = "<group>"; };
		265075ED18C1D4EC2DC2D965 /* FriendsTests.xctest */ = {isa = PBXFileReference; includeInIndex = 0; lastKnownFileType = wrapper.cfbundle; path = FriendsTests.xctest; sourceTree = BUILT_PRODUCTS_DIR; };
		292B6F35A4FFF6D31627B30C /* licenses.md */ = {isa = PBXFileReference; lastKnownFileType = net.daringfireball.markdown; path = licenses.md; sourceTree = "<group>"; };
		2B6B62DA94BDFBA4AD80F8A1 /* FriendListView.swift */ = {isa = PBXFileReference; lastKnownFileType = sourcecode.swift; path = FriendListView.swift; sourceTree = "<group>"; };
		2CAC79964A6E1F3FE8575A46 /* AttachmentRepository.swift */ = {isa = PBXFileReference; lastKnownFileType = sourcecode.swift; path = AttachmentRepository.swift; sourceTree = "<group>"; };
		2F5849BB87CA4BDB8E65B252 /* ImageViewerView.swift */ = {isa = PBXFileReference; lastKnownFileType = sourcecode.swift; path = ImageViewerView.swift; sourceTree = "<group>"; };
		2F95739EFF9D07446024EEF8 /* NotificationManager.swift */ = {isa = PBXFileReference; lastKnownFileType = sourcecode.swift; path = NotificationManager.swift; sourceTree = "<group>"; };
		30447B9B124D661D4FA1BF8C /* ImagePickerView.swift */ = {isa = PBXFileReference; lastKnownFileType = sourcecode.swift; path = ImagePickerView.swift; sourceTree = "<group>"; };
		34418B284BBA78F6590B6F76 /* MnemonicManager.swift */ = {isa = PBXFileReference; lastKnownFileType = sourcecode.swift; path = MnemonicManager.swift; sourceTree = "<group>"; };
		3630942E9BEE496896B42A65 /* BlockManager.swift */ = {isa = PBXFileReference; lastKnownFileType = sourcecode.swift; path = BlockManager.swift; sourceTree = "<group>"; };
		37D9B246340375349DB680A2 /* UserRepository.swift */ = {isa = PBXFileReference; lastKnownFileType = sourcecode.swift; path = UserRepository.swift; sourceTree = "<group>"; };
		39B39E93BE5A8F667E78E2B3 /* AppInfoView.swift */ = {isa = PBXFileReference; lastKnownFileType = sourcecode.swift; path = AppInfoView.swift; sourceTree = "<group>"; };
		4284E558373A7F66B54F71CD /* RootView.swift */ = {isa = PBXFileReference; lastKnownFileType = sourcecode.swift; path = RootView.swift; sourceTree = "<group>"; };
		42F597F57F9CC8FCE24FAED9 /* GroupDetailView.swift */ = {isa = PBXFileReference; lastKnownFileType = sourcecode.swift; path = GroupDetailView.swift; sourceTree = "<group>"; };
		442E60A7622E1E4E241C5438 /* EditProfileView.swift */ = {isa = PBXFileReference; lastKnownFileType = sourcecode.swift; path = EditProfileView.swift; sourceTree = "<group>"; };
		46392499F66988C7EABFDEE8 /* LicenseListView.swift */ = {isa = PBXFileReference; lastKnownFileType = sourcecode.swift; path = LicenseListView.swift; sourceTree = "<group>"; };
		473C7EC7238FB504E3E71A7B /* Friends.app */ = {isa = PBXFileReference; includeInIndex = 0; lastKnownFileType = wrapper.application; path = Friends.app; sourceTree = BUILT_PRODUCTS_DIR; };
		489C67992CA421C61D17B1E1 /* SettingsView.swift */ = {isa = PBXFileReference; lastKnownFileType = sourcecode.swift; path = SettingsView.swift; sourceTree = "<group>"; };
		49803722F58E58CCF52E1B65 /* LicenseLoaderTests.swift */ = {isa = PBXFileReference; lastKnownFileType = sourcecode.swift; path = LicenseLoaderTests.swift; sourceTree = "<group>"; };
		4BCCFE6782E63782D6903668 /* GroupChatService.swift */ = {isa = PBXFileReference; lastKnownFileType = sourcecode.swift; path = GroupChatService.swift; sourceTree = "<group>"; };
		4C6C05015932A0DAB3ED3B51 /* R2Config.plist.example */ = {isa = PBXFileReference; path = R2Config.plist.example; sourceTree = "<group>"; };
		4D53F1206AD03B5EE30104E9 /* CreateGroupView.swift */ = {isa = PBXFileReference; lastKnownFileType = sourcecode.swift; path = CreateGroupView.swift; sourceTree = "<group>"; };
		4D9BC65F5B28B01CDA532088 /* KeyBucketRepository.swift */ = {isa = PBXFileReference; lastKnownFileType = sourcecode.swift; path = KeyBucketRepository.swift; sourceTree = "<group>"; };
		565584475C317EEC83A29DFD /* TenantManager.swift */ = {isa = PBXFileReference; lastKnownFileType = sourcecode.swift; path = TenantManager.swift; sourceTree = "<group>"; };
		5670FC515F3A862FDDD0C44F /* terms_of_service.md */ = {isa = PBXFileReference; lastKnownFileType = net.daringfireball.markdown; path = terms_of_service.md; sourceTree = "<group>"; };
		58B7AA3B9BE74A7FDC9EF39C /* NotificationManagerTests.swift */ = {isa = PBXFileReference; lastKnownFileType = sourcecode.swift; path = NotificationManagerTests.swift; sourceTree = "<group>"; };
		5A12DC75B3CD0E1F620958DD /* ImageSaveHelper.swift */ = {isa = PBXFileReference; lastKnownFileType = sourcecode.swift; path = ImageSaveHelper.swift; sourceTree = "<group>"; };
		5CF3FF426059D141981394E0 /* GroupListView.swift */ = {isa = PBXFileReference; lastKnownFileType = sourcecode.swift; path = GroupListView.swift; sourceTree = "<group>"; };
		5DE80AD746183BADA346EAC5 /* ja */ = {isa = PBXFileReference; lastKnownFileType = text.plist.strings; name = ja; path = ja.lproj/Localizable.strings; sourceTree = "<group>"; };
		5F64846AAFBA969A28B5DE37 /* ReactionTypeTests.swift */ = {isa = PBXFileReference; lastKnownFileType = sourcecode.swift; path = ReactionTypeTests.swift; sourceTree = "<group>"; };
		62181210FF1E55F0C45BACCF /* ChatFontSizeTests.swift */ = {isa = PBXFileReference; lastKnownFileType = sourcecode.swift; path = ChatFontSizeTests.swift; sourceTree = "<group>"; };
		677874861ECB1893E610DCB1 /* TenantSelectionView.swift */ = {isa = PBXFileReference; lastKnownFileType = sourcecode.swift; path = TenantSelectionView.swift; sourceTree = "<group>"; };
		6A2D0B0998D12338E964679F /* PresetTenantConfig.swift */ = {isa = PBXFileReference; lastKnownFileType = sourcecode.swift; path = PresetTenantConfig.swift; sourceTree = "<group>"; };
		6B6566578026DEF531283462 /* MainTabView.swift */ = {isa = PBXFileReference; lastKnownFileType = sourcecode.swift; path = MainTabView.swift; sourceTree = "<group>"; };
		6F7C499FEC3A864FA5F4902A /* R2Config.swift */ = {isa = PBXFileReference; lastKnownFileType = sourcecode.swift; path = R2Config.swift; sourceTree = "<group>"; };
		73EFF9BEBF88BD245D30582A /* ProtobufModelExtensions.swift */ = {isa = PBXFileReference; lastKnownFileType = sourcecode.swift; path = ProtobufModelExtensions.swift; sourceTree = "<group>"; };
		740BFAEC84E77B0229BF5FDD /* ReadReceiptServiceTests.swift */ = {isa = PBXFileReference; lastKnownFileType = sourcecode.swift; path = ReadReceiptServiceTests.swift; sourceTree = "<group>"; };
		764227E2A951DEC1C296E4D1 /* WorkerConfig.swift */ = {isa = PBXFileReference; lastKnownFileType = sourcecode.swift; path = WorkerConfig.swift; sourceTree = "<group>"; };
		76E38FE27C768DC6B936C9B4 /* TenantSwitcherView.swift */ = {isa = PBXFileReference; lastKnownFileType = sourcecode.swift; path = TenantSwitcherView.swift; sourceTree = "<group>"; };
		79686ACDAA84E4C3C33C0564 /* TermsOfServiceView.swift */ = {isa = PBXFileReference; lastKnownFileType = sourcecode.swift; path = TermsOfServiceView.swift; sourceTree = "<group>"; };
		7DC45DCE17FFA7BE9C344104 /* user.pb.swift */ = {isa = PBXFileReference; lastKnownFileType = sourcecode.swift; path = user.pb.swift; sourceTree = "<group>"; };
		7E870B04CB55396AA196C5EA /* ToastNotificationManager.swift */ = {isa = PBXFileReference; lastKnownFileType = sourcecode.swift; path = ToastNotificationManager.swift; sourceTree = "<group>"; };
		7EA4BA804481E4CD6F06AB8B /* AddFriendView.swift */ = {isa = PBXFileReference; lastKnownFileType = sourcecode.swift; path = AddFriendView.swift; sourceTree = "<group>"; };
		81E86AB8524D4EA5053C536B /* TenantManagerTests.swift */ = {isa = PBXFileReference; lastKnownFileType = sourcecode.swift; path = TenantManagerTests.swift; sourceTree = "<group>"; };
		846B251A3BB8D6C859A899B5 /* ja */ = {isa = PBXFileReference; lastKnownFileType = text.plist.strings; name = ja; path = ja.lproj/InfoPlist.strings; sourceTree = "<group>"; };
		888224E1799D1C7E1EED965C /* AuthValidationTests.swift */ = {isa = PBXFileReference; lastKnownFileType = sourcecode.swift; path = AuthValidationTests.swift; sourceTree = "<group>"; };
		8C3372477D89C3B7C93682B3 /* FriendRepository.swift */ = {isa = PBXFileReference; lastKnownFileType = sourcecode.swift; path = FriendRepository.swift; sourceTree = "<group>"; };
		8CF1E654734996084DE28F2D /* PresetTenant.plist */ = {isa = PBXFileReference; lastKnownFileType = text.plist; path = PresetTenant.plist; sourceTree = "<group>"; };
		91746E05151A8A98BB35283E /* MessageRepository.swift */ = {isa = PBXFileReference; lastKnownFileType = sourcecode.swift; path = MessageRepository.swift; sourceTree = "<group>"; };
		91D3C03BA1244EA258513B9C /* LoginView.swift */ = {isa = PBXFileReference; lastKnownFileType = sourcecode.swift; path = LoginView.swift; sourceTree = "<group>"; };
		9474BB46F28B24E4D2E05D1E /* common.pb.swift */ = {isa = PBXFileReference; lastKnownFileType = sourcecode.swift; path = common.pb.swift; sourceTree = "<group>"; };
		94AE9645F86F97088044D698 /* RecoveryPhraseTests.swift */ = {isa = PBXFileReference; lastKnownFileType = sourcecode.swift; path = RecoveryPhraseTests.swift; sourceTree = "<group>"; };
		9AAE26812CD356FC8FD5F061 /* ReactionRepository.swift */ = {isa = PBXFileReference; lastKnownFileType = sourcecode.swift; path = ReactionRepository.swift; sourceTree = "<group>"; };
		9F86BE8E42C086F10E555793 /* LegalMarkdownView.swift */ = {isa = PBXFileReference; lastKnownFileType = sourcecode.swift; path = LegalMarkdownView.swift; sourceTree = "<group>"; };
		A51A56B559F9A7916EAF854D /* AuthServiceTests.swift */ = {isa = PBXFileReference; lastKnownFileType = sourcecode.swift; path = AuthServiceTests.swift; sourceTree = "<group>"; };
		A5DDF5C457F30A5E64C80531 /* GroupAvatarView.swift */ = {isa = PBXFileReference; lastKnownFileType = sourcecode.swift; path = GroupAvatarView.swift; sourceTree = "<group>"; };
		B0D392EFF94E30781BCDF932 /* SplashView.swift */ = {isa = PBXFileReference; lastKnownFileType = sourcecode.swift; path = SplashView.swift; sourceTree = "<group>"; };
		B54BB832C47926015C4B8A67 /* AuthService.swift */ = {isa = PBXFileReference; lastKnownFileType = sourcecode.swift; path = AuthService.swift; sourceTree = "<group>"; };
		BF8ACB4EC281197B12255079 /* SafetyAndModerationTests.swift */ = {isa = PBXFileReference; lastKnownFileType = sourcecode.swift; path = SafetyAndModerationTests.swift; sourceTree = "<group>"; };
		C3727B6687CBB22EE5083B11 /* UnreadChatTests.swift */ = {isa = PBXFileReference; lastKnownFileType = sourcecode.swift; path = UnreadChatTests.swift; sourceTree = "<group>"; };
		C511C266F0E54EC5E548D35F /* ToastBannerView.swift */ = {isa = PBXFileReference; lastKnownFileType = sourcecode.swift; path = ToastBannerView.swift; sourceTree = "<group>"; };
		C865A7F08BE5EE75FA404A86 /* message.pb.swift */ = {isa = PBXFileReference; lastKnownFileType = sourcecode.swift; path = message.pb.swift; sourceTree = "<group>"; };
		CB174DA53133AD4E358D0543 /* CryptoKeyManager.swift */ = {isa = PBXFileReference; lastKnownFileType = sourcecode.swift; path = CryptoKeyManager.swift; sourceTree = "<group>"; };
		CC16F3F99E96F06398EEA0DE /* ChatRepository.swift */ = {isa = PBXFileReference; lastKnownFileType = sourcecode.swift; path = ChatRepository.swift; sourceTree = "<group>"; };
		CD36FC1580443FFBF44D7AEC /* Assets.xcassets */ = {isa = PBXFileReference; lastKnownFileType = folder.assetcatalog; path = Assets.xcassets; sourceTree = "<group>"; };
		CDD9B7ABBCBDABB52E419383 /* HomeView.swift */ = {isa = PBXFileReference; lastKnownFileType = sourcecode.swift; path = HomeView.swift; sourceTree = "<group>"; };
		CFD78F78EE81CC78390C270B /* FriendInvitationService.swift */ = {isa = PBXFileReference; lastKnownFileType = sourcecode.swift; path = FriendInvitationService.swift; sourceTree = "<group>"; };
		D3D6E79E66D9200AC47B80F8 /* PrivacyInfo.xcprivacy */ = {isa = PBXFileReference; path = PrivacyInfo.xcprivacy; sourceTree = "<group>"; };
		D565C3091DA5BECD9CC25D05 /* CryptoKeyManagerTests.swift */ = {isa = PBXFileReference; lastKnownFileType = sourcecode.swift; path = CryptoKeyManagerTests.swift; sourceTree = "<group>"; };
		D828F1E31CD6F35336DDFCCF /* UserDevice.swift */ = {isa = PBXFileReference; lastKnownFileType = sourcecode.swift; path = UserDevice.swift; sourceTree = "<group>"; };
		D932A305E9DA91FCB72B2D36 /* DirectChatService.swift */ = {isa = PBXFileReference; lastKnownFileType = sourcecode.swift; path = DirectChatService.swift; sourceTree = "<group>"; };
		DB7B71023BE25612CCFF2924 /* APISchemas.generated.swift */ = {isa = PBXFileReference; lastKnownFileType = sourcecode.swift; path = APISchemas.generated.swift; sourceTree = "<group>"; };
		DE22A361D6DDD58B816736E5 /* BlockedUsersView.swift */ = {isa = PBXFileReference; lastKnownFileType = sourcecode.swift; path = BlockedUsersView.swift; sourceTree = "<group>"; };
		DFDB95891B042D43FAE6A8E2 /* StoredTenant.swift */ = {isa = PBXFileReference; lastKnownFileType = sourcecode.swift; path = StoredTenant.swift; sourceTree = "<group>"; };
		E2B01FDA9481E4BE29123170 /* privacy_policy.md */ = {isa = PBXFileReference; lastKnownFileType = net.daringfireball.markdown; path = privacy_policy.md; sourceTree = "<group>"; };
		E38956A730D588006FFAF308 /* UserProfileResolver.swift */ = {isa = PBXFileReference; lastKnownFileType = sourcecode.swift; path = UserProfileResolver.swift; sourceTree = "<group>"; };
		E398E98BC6D08ED8318A22C7 /* InAppToast.swift */ = {isa = PBXFileReference; lastKnownFileType = sourcecode.swift; path = InAppToast.swift; sourceTree = "<group>"; };
		E47EB0AAA0942E9FAD966EAF /* GoogleService-Info.plist.example */ = {isa = PBXFileReference; path = "GoogleService-Info.plist.example"; sourceTree = "<group>"; };
		ED0E9E6440449A9F3F4D8985 /* chat.pb.swift */ = {isa = PBXFileReference; lastKnownFileType = sourcecode.swift; path = chat.pb.swift; sourceTree = "<group>"; };
		EDDA2192716162B5698ADDC5 /* UserAvatarView.swift */ = {isa = PBXFileReference; lastKnownFileType = sourcecode.swift; path = UserAvatarView.swift; sourceTree = "<group>"; };
		F0BFCAD6EFB3BC4F80C734F5 /* AddGroupMemberSheet.swift */ = {isa = PBXFileReference; lastKnownFileType = sourcecode.swift; path = AddGroupMemberSheet.swift; sourceTree = "<group>"; };
		F1210A3AB46980769A184FB5 /* ToastNotificationManagerTests.swift */ = {isa = PBXFileReference; lastKnownFileType = sourcecode.swift; path = ToastNotificationManagerTests.swift; sourceTree = "<group>"; };
		F46B1D4C2F1C0972C55CF64D /* AppTheme.swift */ = {isa = PBXFileReference; lastKnownFileType = sourcecode.swift; path = AppTheme.swift; sourceTree = "<group>"; };
		F4E55771D2DF7D51DD94CEE5 /* MessageService.swift */ = {isa = PBXFileReference; lastKnownFileType = sourcecode.swift; path = MessageService.swift; sourceTree = "<group>"; };
		FA78CAE1B760FF7E25B883AD /* en */ = {isa = PBXFileReference; lastKnownFileType = text.plist.strings; name = en; path = en.lproj/Localizable.strings; sourceTree = "<group>"; };
		FC462035DDAA42833047FB9A /* TwoDimensionalCodeScannerView.swift */ = {isa = PBXFileReference; lastKnownFileType = sourcecode.swift; path = TwoDimensionalCodeScannerView.swift; sourceTree = "<group>"; };
		FCEECE7C03F984E10D3B0580 /* ReadReceiptRepository.swift */ = {isa = PBXFileReference; lastKnownFileType = sourcecode.swift; path = ReadReceiptRepository.swift; sourceTree = "<group>"; };
		FF255C2140EC8D1EFB180E3A /* TenantRepository.swift */ = {isa = PBXFileReference; lastKnownFileType = sourcecode.swift; path = TenantRepository.swift; sourceTree = "<group>"; };
/* End PBXFileReference section */

/* Begin PBXFrameworksBuildPhase section */
		4059D77EB4B79D385D75DDD7 /* Frameworks */ = {
			isa = PBXFrameworksBuildPhase;
			buildActionMask = 2147483647;
			files = (
				763AD6C13FBC1F6457066D47 /* FirebaseAuth in Frameworks */,
				11C0697C000DF7E93DDFF5D3 /* FirebaseFirestore in Frameworks */,
				287E1013270E85408A12F57D /* SwiftProtobuf in Frameworks */,
				14026010C5E38940B2E0EF14 /* ULID in Frameworks */,
				4D81E4E4CBDED389B9A6C03F /* Base58Swift in Frameworks */,
				106EE5972E356C200B8C475C /* SwiftMnemonic in Frameworks */,
			);
			runOnlyForDeploymentPostprocessing = 0;
		};
		D835DA1696759FA2B3C926F6 /* Frameworks */ = {
			isa = PBXFrameworksBuildPhase;
			buildActionMask = 2147483647;
			files = (
				DA5E9DA388B3B67CB35E692A /* ULID in Frameworks */,
				46F53CA0F7783E87945541DA /* Base58Swift in Frameworks */,
				4A7880FE529F84723CD094D9 /* SwiftMnemonic in Frameworks */,
			);
			runOnlyForDeploymentPostprocessing = 0;
		};
/* End PBXFrameworksBuildPhase section */

/* Begin PBXGroup section */
		021BAB514991DD8F06AA742B /* Products */ = {
			isa = PBXGroup;
			children = (
				473C7EC7238FB504E3E71A7B /* Friends.app */,
				265075ED18C1D4EC2DC2D965 /* FriendsTests.xctest */,
			);
			name = Products;
			sourceTree = "<group>";
		};
		0C85DC66854ABC3C2359058D /* Config */ = {
			isa = PBXGroup;
			children = (
				F46B1D4C2F1C0972C55CF64D /* AppTheme.swift */,
				6A2D0B0998D12338E964679F /* PresetTenantConfig.swift */,
				6F7C499FEC3A864FA5F4902A /* R2Config.swift */,
				764227E2A951DEC1C296E4D1 /* WorkerConfig.swift */,
			);
			path = Config;
			sourceTree = "<group>";
		};
		0C924AC95AA57431FA9D7D65 /* legal */ = {
			isa = PBXGroup;
			children = (
				292B6F35A4FFF6D31627B30C /* licenses.md */,
				E2B01FDA9481E4BE29123170 /* privacy_policy.md */,
				5670FC515F3A862FDDD0C44F /* terms_of_service.md */,
			);
			path = legal;
			sourceTree = "<group>";
		};
		18B01230D7260B341D912F7E /* Components */ = {
			isa = PBXGroup;
			children = (
				A5DDF5C457F30A5E64C80531 /* GroupAvatarView.swift */,
				C511C266F0E54EC5E548D35F /* ToastBannerView.swift */,
				FC462035DDAA42833047FB9A /* TwoDimensionalCodeScannerView.swift */,
				EDDA2192716162B5698ADDC5 /* UserAvatarView.swift */,
			);
			path = Components;
			sourceTree = "<group>";
		};
		19F587344C230F875CFEBFE6 /* Toast */ = {
			isa = PBXGroup;
			children = (
				E398E98BC6D08ED8318A22C7 /* InAppToast.swift */,
			);
			path = Toast;
			sourceTree = "<group>";
		};
		1E2096B567DC0C7AEC6FA298 /* Settings */ = {
			isa = PBXGroup;
			children = (
				39B39E93BE5A8F667E78E2B3 /* AppInfoView.swift */,
				DE22A361D6DDD58B816736E5 /* BlockedUsersView.swift */,
				442E60A7622E1E4E241C5438 /* EditProfileView.swift */,
				489C67992CA421C61D17B1E1 /* SettingsView.swift */,
			);
			path = Settings;
			sourceTree = "<group>";
		};
		29573EABD0676EAA6D1355C0 /* Groups */ = {
			isa = PBXGroup;
			children = (
				F0BFCAD6EFB3BC4F80C734F5 /* AddGroupMemberSheet.swift */,
				4D53F1206AD03B5EE30104E9 /* CreateGroupView.swift */,
				42F597F57F9CC8FCE24FAED9 /* GroupDetailView.swift */,
				5CF3FF426059D141981394E0 /* GroupListView.swift */,
			);
			path = Groups;
			sourceTree = "<group>";
		};
		438107943C6BD4FE3E4A2979 /* Repositories */ = {
			isa = PBXGroup;
			children = (
				2CAC79964A6E1F3FE8575A46 /* AttachmentRepository.swift */,
				00A0E4F421D19681024F04AB /* AvatarRepository.swift */,
				CC16F3F99E96F06398EEA0DE /* ChatRepository.swift */,
				1EFB7D66205AD88688F4F660 /* DeviceRepository.swift */,
				8C3372477D89C3B7C93682B3 /* FriendRepository.swift */,
				4D9BC65F5B28B01CDA532088 /* KeyBucketRepository.swift */,
				91746E05151A8A98BB35283E /* MessageRepository.swift */,
				9AAE26812CD356FC8FD5F061 /* ReactionRepository.swift */,
				FCEECE7C03F984E10D3B0580 /* ReadReceiptRepository.swift */,
				FF255C2140EC8D1EFB180E3A /* TenantRepository.swift */,
				37D9B246340375349DB680A2 /* UserRepository.swift */,
			);
			path = Repositories;
			sourceTree = "<group>";
		};
		55C735BC18C9AA013C98A3E8 /* Generated */ = {
			isa = PBXGroup;
			children = (
				DB7B71023BE25612CCFF2924 /* APISchemas.generated.swift */,
				ED0E9E6440449A9F3F4D8985 /* chat.pb.swift */,
				9474BB46F28B24E4D2E05D1E /* common.pb.swift */,
				16CBC033C3BB6387AF2EEFDA /* friend.pb.swift */,
				C865A7F08BE5EE75FA404A86 /* message.pb.swift */,
				0B1ACDADAC04F2FB5824859F /* tenant.pb.swift */,
				7DC45DCE17FFA7BE9C344104 /* user.pb.swift */,
			);
			path = Generated;
			sourceTree = "<group>";
		};
		618FE76E68DA53947CBB1C3F /* Friends */ = {
			isa = PBXGroup;
			children = (
				7EA4BA804481E4CD6F06AB8B /* AddFriendView.swift */,
				2B6B62DA94BDFBA4AD80F8A1 /* FriendListView.swift */,
			);
			path = Friends;
			sourceTree = "<group>";
		};
		74ABE63258AEC774E4E2100A /* Legal */ = {
			isa = PBXGroup;
			children = (
				9F86BE8E42C086F10E555793 /* LegalMarkdownView.swift */,
				46392499F66988C7EABFDEE8 /* LicenseListView.swift */,
				1440ED71D3FB94B75E3E1697 /* PrivacyPolicyView.swift */,
				79686ACDAA84E4C3C33C0564 /* TermsOfServiceView.swift */,
			);
			path = Legal;
			sourceTree = "<group>";
		};
		86B6B6451C1041CA5E9F962C /* Helpers */ = {
			isa = PBXGroup;
			children = (
				5A12DC75B3CD0E1F620958DD /* ImageSaveHelper.swift */,
			);
			path = Helpers;
			sourceTree = "<group>";
		};
		985E10202300356AD839A514 /* Tests */ = {
			isa = PBXGroup;
			children = (
				A51A56B559F9A7916EAF854D /* AuthServiceTests.swift */,
				888224E1799D1C7E1EED965C /* AuthValidationTests.swift */,
				62181210FF1E55F0C45BACCF /* ChatFontSizeTests.swift */,
				D565C3091DA5BECD9CC25D05 /* CryptoKeyManagerTests.swift */,
				2257A684A65505B5D975DFAF /* DirectChatServiceTests.swift */,
				110A108EC499613F06260DAB /* FriendInvitationTests.swift */,
				191294B086311E44BAB0875A /* GroupChatServiceTests.swift */,
				49803722F58E58CCF52E1B65 /* LicenseLoaderTests.swift */,
				107F0E10985468772177D638 /* MessageServiceTests.swift */,
				58B7AA3B9BE74A7FDC9EF39C /* NotificationManagerTests.swift */,
				5F64846AAFBA969A28B5DE37 /* ReactionTypeTests.swift */,
				740BFAEC84E77B0229BF5FDD /* ReadReceiptServiceTests.swift */,
				94AE9645F86F97088044D698 /* RecoveryPhraseTests.swift */,
				BF8ACB4EC281197B12255079 /* SafetyAndModerationTests.swift */,
				81E86AB8524D4EA5053C536B /* TenantManagerTests.swift */,
				F1210A3AB46980769A184FB5 /* ToastNotificationManagerTests.swift */,
				C3727B6687CBB22EE5083B11 /* UnreadChatTests.swift */,
			);
			path = Tests;
			sourceTree = "<group>";
		};
		A2E1710C96DC0A229A337846 /* Chat */ = {
			isa = PBXGroup;
			children = (
				1733EFBFE3310DDC3162EEFF /* ChatDetailView.swift */,
				30447B9B124D661D4FA1BF8C /* ImagePickerView.swift */,
				2F5849BB87CA4BDB8E65B252 /* ImageViewerView.swift */,
			);
			path = Chat;
			sourceTree = "<group>";
		};
		B12B8F06E271796FF3461915 /* Views */ = {
			isa = PBXGroup;
			children = (
				E3436AED76D92C18944CDE6A /* Auth */,
				A2E1710C96DC0A229A337846 /* Chat */,
				18B01230D7260B341D912F7E /* Components */,
				618FE76E68DA53947CBB1C3F /* Friends */,
				29573EABD0676EAA6D1355C0 /* Groups */,
				C929AD2030F8F09DAAC5EF7D /* Home */,
				74ABE63258AEC774E4E2100A /* Legal */,
				F65C0E1113A1D29763C32721 /* Root */,
				1E2096B567DC0C7AEC6FA298 /* Settings */,
			);
			path = Views;
			sourceTree = "<group>";
		};
		BDA46F69B389A37B3F15C01D /* Services */ = {
			isa = PBXGroup;
			children = (
				0F1F7949FDFBF8F8AAAB3A10 /* AppLogger.swift */,
				B54BB832C47926015C4B8A67 /* AuthService.swift */,
				3630942E9BEE496896B42A65 /* BlockManager.swift */,
				CB174DA53133AD4E358D0543 /* CryptoKeyManager.swift */,
				D932A305E9DA91FCB72B2D36 /* DirectChatService.swift */,
				CFD78F78EE81CC78390C270B /* FriendInvitationService.swift */,
				4BCCFE6782E63782D6903668 /* GroupChatService.swift */,
				F4E55771D2DF7D51DD94CEE5 /* MessageService.swift */,
				34418B284BBA78F6590B6F76 /* MnemonicManager.swift */,
				2F95739EFF9D07446024EEF8 /* NotificationManager.swift */,
				565584475C317EEC83A29DFD /* TenantManager.swift */,
				7E870B04CB55396AA196C5EA /* ToastNotificationManager.swift */,
				E38956A730D588006FFAF308 /* UserProfileResolver.swift */,
			);
			path = Services;
			sourceTree = "<group>";
		};
		BE3E0DC6C98BDAB81310FEDE /* Models */ = {
			isa = PBXGroup;
			children = (
				73EFF9BEBF88BD245D30582A /* ProtobufModelExtensions.swift */,
				DFDB95891B042D43FAE6A8E2 /* StoredTenant.swift */,
				D828F1E31CD6F35336DDFCCF /* UserDevice.swift */,
				55C735BC18C9AA013C98A3E8 /* Generated */,
				EFEE1CD5E84989AB629DDABE /* Localization */,
				19F587344C230F875CFEBFE6 /* Toast */,
			);
			path = Models;
			sourceTree = "<group>";
		};
		C30248E41F0E7E051C4F8AEA = {
			isa = PBXGroup;
			children = (
				F274B5D21E3504763E781754 /* Sources */,
				985E10202300356AD839A514 /* Tests */,
				021BAB514991DD8F06AA742B /* Products */,
			);
			sourceTree = "<group>";
		};
		C929AD2030F8F09DAAC5EF7D /* Home */ = {
			isa = PBXGroup;
			children = (
				CDD9B7ABBCBDABB52E419383 /* HomeView.swift */,
				76E38FE27C768DC6B936C9B4 /* TenantSwitcherView.swift */,
			);
			path = Home;
			sourceTree = "<group>";
		};
		E3436AED76D92C18944CDE6A /* Auth */ = {
			isa = PBXGroup;
			children = (
				91D3C03BA1244EA258513B9C /* LoginView.swift */,
				1271E9D8C813C0662E94AE60 /* NotificationPermissionSheet.swift */,
				B0D392EFF94E30781BCDF932 /* SplashView.swift */,
				677874861ECB1893E610DCB1 /* TenantSelectionView.swift */,
			);
			path = Auth;
			sourceTree = "<group>";
		};
		E4A513E463C085E69D600CAF /* Resources */ = {
			isa = PBXGroup;
			children = (
				17DC4D85E6209648DE2C2719 /* GoogleService-Info.plist */,
				E47EB0AAA0942E9FAD966EAF /* GoogleService-Info.plist.example */,
				8CF1E654734996084DE28F2D /* PresetTenant.plist */,
				D3D6E79E66D9200AC47B80F8 /* PrivacyInfo.xcprivacy */,
				24A914712C89236342ED35B3 /* R2Config.plist */,
				4C6C05015932A0DAB3ED3B51 /* R2Config.plist.example */,
				C08352916444D75EB48A834A /* InfoPlist.strings */,
				0C924AC95AA57431FA9D7D65 /* legal */,
				982F65C0D7D0C26650254749 /* Localizable.strings */,
			);
			path = Resources;
			sourceTree = "<group>";
		};
		EFEE1CD5E84989AB629DDABE /* Localization */ = {
			isa = PBXGroup;
			children = (
				1B80054EF7CBD323CD9C1207 /* L10n.swift */,
			);
			path = Localization;
			sourceTree = "<group>";
		};
		F274B5D21E3504763E781754 /* Sources */ = {
			isa = PBXGroup;
			children = (
				CD36FC1580443FFBF44D7AEC /* Assets.xcassets */,
				001733C0CD611DF9D3816ED7 /* FriendsApp.swift */,
				0C85DC66854ABC3C2359058D /* Config */,
				86B6B6451C1041CA5E9F962C /* Helpers */,
				BE3E0DC6C98BDAB81310FEDE /* Models */,
				438107943C6BD4FE3E4A2979 /* Repositories */,
				E4A513E463C085E69D600CAF /* Resources */,
				BDA46F69B389A37B3F15C01D /* Services */,
				B12B8F06E271796FF3461915 /* Views */,
			);
			path = Sources;
			sourceTree = "<group>";
		};
		F65C0E1113A1D29763C32721 /* Root */ = {
			isa = PBXGroup;
			children = (
				6B6566578026DEF531283462 /* MainTabView.swift */,
				4284E558373A7F66B54F71CD /* RootView.swift */,
			);
			path = Root;
			sourceTree = "<group>";
		};
/* End PBXGroup section */

/* Begin PBXNativeTarget section */
		49732A8D70CFD847118E1325 /* FriendsTests */ = {
			isa = PBXNativeTarget;
			buildConfigurationList = 204B71444C50028C8E5BA6C9 /* Build configuration list for PBXNativeTarget "FriendsTests" */;
			buildPhases = (
				11BD790A626B7603F4E7E73A /* Sources */,
				D835DA1696759FA2B3C926F6 /* Frameworks */,
			);
			buildRules = (
			);
			dependencies = (
				143C38FCE088E5C0724A2828 /* PBXTargetDependency */,
			);
			name = FriendsTests;
			packageProductDependencies = (
				CF4A672980744C252CE0BE17 /* ULID */,
				F7675460E7EC690DE77B2CF3 /* Base58Swift */,
				79A5D86B008FB84CD73674AA /* SwiftMnemonic */,
			);
			productName = FriendsTests;
			productReference = 265075ED18C1D4EC2DC2D965 /* FriendsTests.xctest */;
			productType = "com.apple.product-type.bundle.unit-test";
		};
		FAA1F71DEF0745DEDF752565 /* Friends */ = {
			isa = PBXNativeTarget;
			buildConfigurationList = 1DDFB4DE928DC027607FFE11 /* Build configuration list for PBXNativeTarget "Friends" */;
			buildPhases = (
				77E3632CCE80F79E969EFB73 /* Sources */,
				FFBED63604B99532B7B37943 /* Resources */,
				4059D77EB4B79D385D75DDD7 /* Frameworks */,
			);
			buildRules = (
			);
			dependencies = (
			);
			name = Friends;
			packageProductDependencies = (
				F118FFCB9DD858C7A0A80E52 /* FirebaseAuth */,
				843D20C5C1EE219362DCBF39 /* FirebaseFirestore */,
				F34AF2C8808DC5C87DBA377C /* SwiftProtobuf */,
				7051210C1CCF956B15728EB2 /* ULID */,
				F8EF690242180F32CE8BB5A3 /* Base58Swift */,
				13413BA24E06763D326438CC /* SwiftMnemonic */,
			);
			productName = Friends;
			productReference = 473C7EC7238FB504E3E71A7B /* Friends.app */;
			productType = "com.apple.product-type.application";
		};
/* End PBXNativeTarget section */

/* Begin PBXProject section */
		E868AA7641A96F252AE83E55 /* Project object */ = {
			isa = PBXProject;
			attributes = {
				BuildIndependentTargetsInParallel = YES;
				LastUpgradeCheck = 1430;
				TargetAttributes = {
				};
			};
			buildConfigurationList = D8DFF57A97D02A5791A28C6D /* Build configuration list for PBXProject "Friends" */;
			developmentRegion = en;
			hasScannedForEncodings = 0;
			knownRegions = (
				Base,
				en,
				ja,
			);
			mainGroup = C30248E41F0E7E051C4F8AEA;
			minimizedProjectReferenceProxies = 1;
			packageReferences = (
				E92046FD9422801DFC684791 /* XCRemoteSwiftPackageReference "Base58Swift" */,
				6BCE5C38D169A1D085900560 /* XCRemoteSwiftPackageReference "firebase-ios-sdk" */,
				1A85B3F021FC6356EB2FCC94 /* XCRemoteSwiftPackageReference "swift-mnemonic" */,
				AE7780B0CFE5F3C7D315384A /* XCRemoteSwiftPackageReference "swift-protobuf" */,
				1315CD584F221955ED6C7EFC /* XCRemoteSwiftPackageReference "ULID.swift" */,
			);
			preferredProjectObjectVersion = 77;
			productRefGroup = 021BAB514991DD8F06AA742B /* Products */;
			projectDirPath = "";
			projectRoot = "";
			targets = (
				FAA1F71DEF0745DEDF752565 /* Friends */,
				49732A8D70CFD847118E1325 /* FriendsTests */,
			);
		};
/* End PBXProject section */

/* Begin PBXResourcesBuildPhase section */
		FFBED63604B99532B7B37943 /* Resources */ = {
			isa = PBXResourcesBuildPhase;
			buildActionMask = 2147483647;
			files = (
				BEC1492D721D439B830CFECA /* Assets.xcassets in Resources */,
				2107C9CB6FDC143ACF85B566 /* GoogleService-Info.plist in Resources */,
				2790B236D73056B512FD5521 /* GoogleService-Info.plist.example in Resources */,
				6876CBD3A8CACF317213F58E /* InfoPlist.strings in Resources */,
				354FB33E33AC9B6EF80A3BD6 /* Localizable.strings in Resources */,
				4BF224C168AD13B15D566172 /* PresetTenant.plist in Resources */,
				48F247699B6525301366BCAE /* PrivacyInfo.xcprivacy in Resources */,
				654EC337D4FB3017B9EF5251 /* R2Config.plist in Resources */,
				EF92B67BDEF41128689C8D39 /* R2Config.plist.example in Resources */,
				E75DA81139836B4B7698E175 /* licenses.md in Resources */,
				DD011AAC18DE2B0E2B29549E /* privacy_policy.md in Resources */,
				27AF1AA75F91101FCA01459E /* terms_of_service.md in Resources */,
			);
			runOnlyForDeploymentPostprocessing = 0;
		};
/* End PBXResourcesBuildPhase section */

/* Begin PBXSourcesBuildPhase section */
		11BD790A626B7603F4E7E73A /* Sources */ = {
			isa = PBXSourcesBuildPhase;
			buildActionMask = 2147483647;
			files = (
				81F1FC60F9C4037BE353868B /* AuthServiceTests.swift in Sources */,
				C3FEB69F446F51A56A9DD214 /* AuthValidationTests.swift in Sources */,
				BA65EDFCBF2615F5E9FE44AF /* ChatFontSizeTests.swift in Sources */,
				CE0CACFE6FD36062538BF26C /* CryptoKeyManagerTests.swift in Sources */,
				24974A3A2474DB0ED79B64D9 /* DirectChatServiceTests.swift in Sources */,
				226F6A4764327930953CE0E8 /* FriendInvitationTests.swift in Sources */,
				34A77CA3C504F568E54CAD70 /* GroupChatServiceTests.swift in Sources */,
				D844327022ECC6D8A104C2C1 /* LicenseLoaderTests.swift in Sources */,
				CE16D8113E6BA7AF3596E6AD /* MessageServiceTests.swift in Sources */,
				985B72245BD9A3AC1481EC5F /* NotificationManagerTests.swift in Sources */,
				B100FF78438350BCE778318E /* ReactionTypeTests.swift in Sources */,
				4A49D1C8F50F6A2045C2D8B6 /* ReadReceiptServiceTests.swift in Sources */,
				53B07D6A9EB801FF0EE68EDD /* RecoveryPhraseTests.swift in Sources */,
				B99DA6ABD7FFCCDBC702D57C /* SafetyAndModerationTests.swift in Sources */,
				FC73720015E3B722EB8F8558 /* TenantManagerTests.swift in Sources */,
				4BDA6B8814AF5417E8C7888B /* ToastNotificationManagerTests.swift in Sources */,
				530572824AD25FEB96BE1B92 /* UnreadChatTests.swift in Sources */,
			);
			runOnlyForDeploymentPostprocessing = 0;
		};
		77E3632CCE80F79E969EFB73 /* Sources */ = {
			isa = PBXSourcesBuildPhase;
			buildActionMask = 2147483647;
			files = (
				11BF60DEDB464BBC29041B7B /* APISchemas.generated.swift in Sources */,
				2064F07BB18E1BBD3D813166 /* AddFriendView.swift in Sources */,
				8E189DC4E6314B7196205FAD /* AddGroupMemberSheet.swift in Sources */,
				6E364A4661AC7DFB3A95C32B /* AppInfoView.swift in Sources */,
				0CD0520C9EC19FA17B2C896B /* AppLogger.swift in Sources */,
				85F6A33F346E4CBEB5DC1C71 /* AppTheme.swift in Sources */,
				AB44BBE08DC79B3765473499 /* AttachmentRepository.swift in Sources */,
				6529A0B76BD39BAED03FCC2E /* AuthService.swift in Sources */,
				B053E73BD86493140B7E098C /* AvatarRepository.swift in Sources */,
				36861C1DC788103A37D1C084 /* BlockManager.swift in Sources */,
				AB59456B68D03D1723C18FAF /* BlockedUsersView.swift in Sources */,
				574C46EC222CD1372215BAC8 /* ChatDetailView.swift in Sources */,
				B8F8A42F949CE721CE93CAFF /* ChatRepository.swift in Sources */,
				C30E4713B96E7E2AAA2E4087 /* CreateGroupView.swift in Sources */,
				19147032001F1578E179221F /* CryptoKeyManager.swift in Sources */,
				F4F53C4627E083FA6BF53A3A /* DeviceRepository.swift in Sources */,
				09C608E7ED472CBB8D3EC24E /* DirectChatService.swift in Sources */,
				B3A99794B2C923E58BAD10A6 /* EditProfileView.swift in Sources */,
				FE53CA89A49848EE6D05ECA3 /* FriendInvitationService.swift in Sources */,
				00B17F7921AF40CD70158B2E /* FriendListView.swift in Sources */,
				2E3D44FEDEE83CF5E7E60D0D /* FriendRepository.swift in Sources */,
				DC31A55ADD9D19D59CCA2431 /* FriendsApp.swift in Sources */,
				9A659D23861531D6FD723C8A /* GroupAvatarView.swift in Sources */,
				8906C1C04111555197467F48 /* GroupChatService.swift in Sources */,
				245151BDA6BD3E13D6B53B60 /* GroupDetailView.swift in Sources */,
				EC97B393060C2E0E30CED381 /* GroupListView.swift in Sources */,
				58BC2D67077228219E356A6C /* HomeView.swift in Sources */,
				7F8AF88715391198C9EAFABF /* ImagePickerView.swift in Sources */,
				0C413AF1B8BC0E9FEB255129 /* ImageSaveHelper.swift in Sources */,
				C7DB23DE1499B4066A764F3C /* ImageViewerView.swift in Sources */,
				6E56001E6D461263F26716D4 /* InAppToast.swift in Sources */,
				6568875089F32FD52FBAF027 /* KeyBucketRepository.swift in Sources */,
				45F275B906350B5D1BF4105C /* L10n.swift in Sources */,
				17F9920863735655FA9199F9 /* LegalMarkdownView.swift in Sources */,
				7A0965B56A1FC40F1BF8D0EA /* LicenseListView.swift in Sources */,
				30CC652E859111996CF99B3A /* LoginView.swift in Sources */,
				34BE2AD837446486CF607C20 /* MainTabView.swift in Sources */,
				24D0348E9A56818D2DB4F5D3 /* MessageRepository.swift in Sources */,
				9FA94DEF3627ACFF95395175 /* MessageService.swift in Sources */,
				2860766FCE37605A1AF65C28 /* MnemonicManager.swift in Sources */,
				A999CDB0066CF0A84B924D94 /* NotificationManager.swift in Sources */,
				C7223E69644D006855919E18 /* NotificationPermissionSheet.swift in Sources */,
				C4BE1E6F237ED0049C544708 /* PresetTenantConfig.swift in Sources */,
				764E4DCC4823267C8E16B621 /* PrivacyPolicyView.swift in Sources */,
				902C92EF0710E58688137F3D /* ProtobufModelExtensions.swift in Sources */,
				900B98769607E2D987BC7CF2 /* R2Config.swift in Sources */,
				DCDD9973FE6E89F151C88707 /* ReactionRepository.swift in Sources */,
				F1DDFBD4665010D70C37F766 /* ReadReceiptRepository.swift in Sources */,
				6A55CA678C9DCC8DAAD5061C /* RootView.swift in Sources */,
				A7071E847A1FCA9EA2EBD930 /* SettingsView.swift in Sources */,
				518C37F2619C158A77E524AE /* SplashView.swift in Sources */,
				BC567221FAA48C3E70534049 /* StoredTenant.swift in Sources */,
				2E38D78BE44168B25FB59879 /* TenantManager.swift in Sources */,
				3A2333C6B5AF282771E286C6 /* TenantRepository.swift in Sources */,
				8A68F86C2F1CB50E9AFA13A9 /* TenantSelectionView.swift in Sources */,
				FA7F9A80F856BC745099B2C9 /* TenantSwitcherView.swift in Sources */,
				989BA7D39154D0749A60AADE /* TermsOfServiceView.swift in Sources */,
				7FB2E9F596C3B632ECBC3C80 /* ToastBannerView.swift in Sources */,
				313B8036D8076C092433EF9C /* ToastNotificationManager.swift in Sources */,
				76385C4FD4110E306D3E55D3 /* TwoDimensionalCodeScannerView.swift in Sources */,
				5045A2D21B50A6E8BCD1F7BA /* UserAvatarView.swift in Sources */,
				633869E62ABF7E5C80999BCA /* UserDevice.swift in Sources */,
				05F908DDF6F5B560DEF36667 /* UserProfileResolver.swift in Sources */,
				38BC7C13425562115454F2FD /* UserRepository.swift in Sources */,
				73D77DB5772733AC7F44523D /* WorkerConfig.swift in Sources */,
				925AA0D4AB7D854196D029C2 /* chat.pb.swift in Sources */,
				64C65F4F92D43373B15AB8BA /* common.pb.swift in Sources */,
				ACC46324326623D433E405F8 /* friend.pb.swift in Sources */,
				6D1FAFC0C2A48805D938742D /* message.pb.swift in Sources */,
				0B362DDAC424C2D97AA8B4BB /* tenant.pb.swift in Sources */,
				87CA0724A7824B7EB8C4F035 /* user.pb.swift in Sources */,
			);
			runOnlyForDeploymentPostprocessing = 0;
		};
/* End PBXSourcesBuildPhase section */

/* Begin PBXTargetDependency section */
		143C38FCE088E5C0724A2828 /* PBXTargetDependency */ = {
			isa = PBXTargetDependency;
			target = FAA1F71DEF0745DEDF752565 /* Friends */;
			targetProxy = F94B26C59D3E86F01E65D54C /* PBXContainerItemProxy */;
		};
/* End PBXTargetDependency section */

/* Begin PBXVariantGroup section */
		982F65C0D7D0C26650254749 /* Localizable.strings */ = {
			isa = PBXVariantGroup;
			children = (
				FA78CAE1B760FF7E25B883AD /* en */,
				5DE80AD746183BADA346EAC5 /* ja */,
			);
			name = Localizable.strings;
			sourceTree = "<group>";
		};
		C08352916444D75EB48A834A /* InfoPlist.strings */ = {
			isa = PBXVariantGroup;
			children = (
				05DDCF2D8BDE9701E3351AEF /* en */,
				846B251A3BB8D6C859A899B5 /* ja */,
			);
			name = InfoPlist.strings;
			sourceTree = "<group>";
		};
/* End PBXVariantGroup section */

/* Begin XCBuildConfiguration section */
		5830DEF80B179161150B6C0E /* Release */ = {
			isa = XCBuildConfiguration;
			buildSettings = {
				ALWAYS_SEARCH_USER_PATHS = NO;
				CLANG_ANALYZER_NONNULL = YES;
				CLANG_ANALYZER_NUMBER_OBJECT_CONVERSION = YES_AGGRESSIVE;
				CLANG_CXX_LANGUAGE_STANDARD = "gnu++14";
				CLANG_CXX_LIBRARY = "libc++";
				CLANG_ENABLE_MODULES = YES;
				CLANG_ENABLE_OBJC_ARC = YES;
				CLANG_ENABLE_OBJC_WEAK = YES;
				CLANG_WARN_BLOCK_CAPTURE_AUTORELEASING = YES;
				CLANG_WARN_BOOL_CONVERSION = YES;
				CLANG_WARN_COMMA = YES;
				CLANG_WARN_CONSTANT_CONVERSION = YES;
				CLANG_WARN_DEPRECATED_OBJC_IMPLEMENTATIONS = YES;
				CLANG_WARN_DIRECT_OBJC_ISA_USAGE = YES_ERROR;
				CLANG_WARN_DOCUMENTATION_COMMENTS = YES;
				CLANG_WARN_EMPTY_BODY = YES;
				CLANG_WARN_ENUM_CONVERSION = YES;
				CLANG_WARN_INFINITE_RECURSION = YES;
				CLANG_WARN_INT_CONVERSION = YES;
				CLANG_WARN_NON_LITERAL_NULL_CONVERSION = YES;
				CLANG_WARN_OBJC_IMPLICIT_RETAIN_SELF = YES;
				CLANG_WARN_OBJC_LITERAL_CONVERSION = YES;
				CLANG_WARN_OBJC_ROOT_CLASS = YES_ERROR;
				CLANG_WARN_QUOTED_INCLUDE_IN_FRAMEWORK_HEADER = YES;
				CLANG_WARN_RANGE_LOOP_ANALYSIS = YES;
				CLANG_WARN_STRICT_PROTOTYPES = YES;
				CLANG_WARN_SUSPICIOUS_MOVE = YES;
				CLANG_WARN_UNGUARDED_AVAILABILITY = YES_AGGRESSIVE;
				CLANG_WARN_UNREACHABLE_CODE = YES;
				CLANG_WARN__DUPLICATE_METHOD_MATCH = YES;
				COPY_PHASE_STRIP = NO;
				DEBUG_INFORMATION_FORMAT = "dwarf-with-dsym";
				ENABLE_NS_ASSERTIONS = NO;
				ENABLE_STRICT_OBJC_MSGSEND = YES;
				GCC_C_LANGUAGE_STANDARD = gnu11;
				GCC_NO_COMMON_BLOCKS = YES;
				GCC_WARN_64_TO_32_BIT_CONVERSION = YES;
				GCC_WARN_ABOUT_RETURN_TYPE = YES_ERROR;
				GCC_WARN_UNDECLARED_SELECTOR = YES;
				GCC_WARN_UNINITIALIZED_AUTOS = YES_AGGRESSIVE;
				GCC_WARN_UNUSED_FUNCTION = YES;
				GCC_WARN_UNUSED_VARIABLE = YES;
				MTL_ENABLE_DEBUG_INFO = NO;
				MTL_FAST_MATH = YES;
				PRODUCT_NAME = "$(TARGET_NAME)";
				SDKROOT = iphoneos;
				SWIFT_COMPILATION_MODE = wholemodule;
				SWIFT_OPTIMIZATION_LEVEL = "-O";
				SWIFT_VERSION = 5.0;
			};
			name = Release;
		};
		7F773BD068D37A171FCBD853 /* Debug */ = {
			isa = XCBuildConfiguration;
			buildSettings = {
				BUNDLE_LOADER = "$(TEST_HOST)";
				GENERATE_INFOPLIST_FILE = YES;
				IPHONEOS_DEPLOYMENT_TARGET = 16.0;
				LD_RUNPATH_SEARCH_PATHS = (
					"$(inherited)",
					"@executable_path/Frameworks",
					"@loader_path/Frameworks",
				);
				PRODUCT_BUNDLE_IDENTIFIER = work.kanto.friends.tests;
				SDKROOT = iphoneos;
				SWIFT_VERSION = 5.0;
				TARGETED_DEVICE_FAMILY = "1,2";
				TEST_HOST = "$(BUILT_PRODUCTS_DIR)/Friends.app/Friends";
			};
			name = Debug;
		};
		AB7C68994B8DF1DEE8CFFD09 /* Debug */ = {
			isa = XCBuildConfiguration;
			buildSettings = {
				ASSETCATALOG_COMPILER_APPICON_NAME = AppIcon;
				CODE_SIGN_IDENTITY = "iPhone Developer";
				GENERATE_INFOPLIST_FILE = YES;
				INFOPLIST_KEY_CFBundleDisplayName = Friends;
				INFOPLIST_KEY_ITSAppUsesNonExemptEncryption = NO;
				INFOPLIST_KEY_NSCameraUsageDescription = "Camera is used to scan QR codes for tenants and friends, and capture photos to attach in chats.";
				INFOPLIST_KEY_NSPhotoLibraryUsageDescription = "Photo library is used to attach photos to chat messages.";
				INFOPLIST_KEY_UILaunchScreen_Generation = YES;
				IPHONEOS_DEPLOYMENT_TARGET = 16.0;
				LD_RUNPATH_SEARCH_PATHS = (
					"$(inherited)",
					"@executable_path/Frameworks",
				);
				OTHER_LDFLAGS = (
					"$(inherited)",
					"-ObjC",
				);
				PRODUCT_BUNDLE_IDENTIFIER = work.kanto.friends;
				SDKROOT = iphoneos;
				SWIFT_VERSION = 5.0;
				TARGETED_DEVICE_FAMILY = "1,2";
			};
			name = Debug;
		};
		D44382E732E1F6A986CA689F /* Release */ = {
			isa = XCBuildConfiguration;
			buildSettings = {
				ASSETCATALOG_COMPILER_APPICON_NAME = AppIcon;
				CODE_SIGN_IDENTITY = "iPhone Developer";
				GENERATE_INFOPLIST_FILE = YES;
				INFOPLIST_KEY_CFBundleDisplayName = Friends;
				INFOPLIST_KEY_ITSAppUsesNonExemptEncryption = NO;
				INFOPLIST_KEY_NSCameraUsageDescription = "Camera is used to scan QR codes for tenants and friends, and capture photos to attach in chats.";
				INFOPLIST_KEY_NSPhotoLibraryUsageDescription = "Photo library is used to attach photos to chat messages.";
				INFOPLIST_KEY_UILaunchScreen_Generation = YES;
				IPHONEOS_DEPLOYMENT_TARGET = 16.0;
				LD_RUNPATH_SEARCH_PATHS = (
					"$(inherited)",
					"@executable_path/Frameworks",
				);
				OTHER_LDFLAGS = (
					"$(inherited)",
					"-ObjC",
				);
				PRODUCT_BUNDLE_IDENTIFIER = work.kanto.friends;
				SDKROOT = iphoneos;
				SWIFT_VERSION = 5.0;
				TARGETED_DEVICE_FAMILY = "1,2";
			};
			name = Release;
		};
		E83A584419205BA2DAEA325E /* Debug */ = {
			isa = XCBuildConfiguration;
			buildSettings = {
				ALWAYS_SEARCH_USER_PATHS = NO;
				CLANG_ANALYZER_NONNULL = YES;
				CLANG_ANALYZER_NUMBER_OBJECT_CONVERSION = YES_AGGRESSIVE;
				CLANG_CXX_LANGUAGE_STANDARD = "gnu++14";
				CLANG_CXX_LIBRARY = "libc++";
				CLANG_ENABLE_MODULES = YES;
				CLANG_ENABLE_OBJC_ARC = YES;
				CLANG_ENABLE_OBJC_WEAK = YES;
				CLANG_WARN_BLOCK_CAPTURE_AUTORELEASING = YES;
				CLANG_WARN_BOOL_CONVERSION = YES;
				CLANG_WARN_COMMA = YES;
				CLANG_WARN_CONSTANT_CONVERSION = YES;
				CLANG_WARN_DEPRECATED_OBJC_IMPLEMENTATIONS = YES;
				CLANG_WARN_DIRECT_OBJC_ISA_USAGE = YES_ERROR;
				CLANG_WARN_DOCUMENTATION_COMMENTS = YES;
				CLANG_WARN_EMPTY_BODY = YES;
				CLANG_WARN_ENUM_CONVERSION = YES;
				CLANG_WARN_INFINITE_RECURSION = YES;
				CLANG_WARN_INT_CONVERSION = YES;
				CLANG_WARN_NON_LITERAL_NULL_CONVERSION = YES;
				CLANG_WARN_OBJC_IMPLICIT_RETAIN_SELF = YES;
				CLANG_WARN_OBJC_LITERAL_CONVERSION = YES;
				CLANG_WARN_OBJC_ROOT_CLASS = YES_ERROR;
				CLANG_WARN_QUOTED_INCLUDE_IN_FRAMEWORK_HEADER = YES;
				CLANG_WARN_RANGE_LOOP_ANALYSIS = YES;
				CLANG_WARN_STRICT_PROTOTYPES = YES;
				CLANG_WARN_SUSPICIOUS_MOVE = YES;
				CLANG_WARN_UNGUARDED_AVAILABILITY = YES_AGGRESSIVE;
				CLANG_WARN_UNREACHABLE_CODE = YES;
				CLANG_WARN__DUPLICATE_METHOD_MATCH = YES;
				COPY_PHASE_STRIP = NO;
				DEBUG_INFORMATION_FORMAT = dwarf;
				ENABLE_STRICT_OBJC_MSGSEND = YES;
				ENABLE_TESTABILITY = YES;
				GCC_C_LANGUAGE_STANDARD = gnu11;
				GCC_DYNAMIC_NO_PIC = NO;
				GCC_NO_COMMON_BLOCKS = YES;
				GCC_OPTIMIZATION_LEVEL = 0;
				GCC_PREPROCESSOR_DEFINITIONS = (
					"$(inherited)",
					"DEBUG=1",
				);
				GCC_WARN_64_TO_32_BIT_CONVERSION = YES;
				GCC_WARN_ABOUT_RETURN_TYPE = YES_ERROR;
				GCC_WARN_UNDECLARED_SELECTOR = YES;
				GCC_WARN_UNINITIALIZED_AUTOS = YES_AGGRESSIVE;
				GCC_WARN_UNUSED_FUNCTION = YES;
				GCC_WARN_UNUSED_VARIABLE = YES;
				MTL_ENABLE_DEBUG_INFO = INCLUDE_SOURCE;
				MTL_FAST_MATH = YES;
				ONLY_ACTIVE_ARCH = YES;
				PRODUCT_NAME = "$(TARGET_NAME)";
				SDKROOT = iphoneos;
				SWIFT_ACTIVE_COMPILATION_CONDITIONS = DEBUG;
				SWIFT_OPTIMIZATION_LEVEL = "-Onone";
				SWIFT_VERSION = 5.0;
			};
			name = Debug;
		};
		F9AF55B46ACBC963964E1571 /* Release */ = {
			isa = XCBuildConfiguration;
			buildSettings = {
				BUNDLE_LOADER = "$(TEST_HOST)";
				GENERATE_INFOPLIST_FILE = YES;
				IPHONEOS_DEPLOYMENT_TARGET = 16.0;
				LD_RUNPATH_SEARCH_PATHS = (
					"$(inherited)",
					"@executable_path/Frameworks",
					"@loader_path/Frameworks",
				);
				PRODUCT_BUNDLE_IDENTIFIER = work.kanto.friends.tests;
				SDKROOT = iphoneos;
				SWIFT_VERSION = 5.0;
				TARGETED_DEVICE_FAMILY = "1,2";
				TEST_HOST = "$(BUILT_PRODUCTS_DIR)/Friends.app/Friends";
			};
			name = Release;
		};
/* End XCBuildConfiguration section */

/* Begin XCConfigurationList section */
		1DDFB4DE928DC027607FFE11 /* Build configuration list for PBXNativeTarget "Friends" */ = {
			isa = XCConfigurationList;
			buildConfigurations = (
				AB7C68994B8DF1DEE8CFFD09 /* Debug */,
				D44382E732E1F6A986CA689F /* Release */,
			);
			defaultConfigurationIsVisible = 0;
			defaultConfigurationName = Debug;
		};
		204B71444C50028C8E5BA6C9 /* Build configuration list for PBXNativeTarget "FriendsTests" */ = {
			isa = XCConfigurationList;
			buildConfigurations = (
				7F773BD068D37A171FCBD853 /* Debug */,
				F9AF55B46ACBC963964E1571 /* Release */,
			);
			defaultConfigurationIsVisible = 0;
			defaultConfigurationName = Debug;
		};
		D8DFF57A97D02A5791A28C6D /* Build configuration list for PBXProject "Friends" */ = {
			isa = XCConfigurationList;
			buildConfigurations = (
				E83A584419205BA2DAEA325E /* Debug */,
				5830DEF80B179161150B6C0E /* Release */,
			);
			defaultConfigurationIsVisible = 0;
			defaultConfigurationName = Debug;
		};
/* End XCConfigurationList section */

/* Begin XCRemoteSwiftPackageReference section */
		1315CD584F221955ED6C7EFC /* XCRemoteSwiftPackageReference "ULID.swift" */ = {
			isa = XCRemoteSwiftPackageReference;
			repositoryURL = "https://github.com/yaslab/ULID.swift.git";
			requirement = {
				kind = upToNextMajorVersion;
				minimumVersion = 1.3.1;
			};
		};
		1A85B3F021FC6356EB2FCC94 /* XCRemoteSwiftPackageReference "swift-mnemonic" */ = {
			isa = XCRemoteSwiftPackageReference;
			repositoryURL = "https://github.com/Kingpin-Apps/swift-mnemonic.git";
			requirement = {
				kind = upToNextMajorVersion;
				minimumVersion = 0.2.5;
			};
		};
		6BCE5C38D169A1D085900560 /* XCRemoteSwiftPackageReference "firebase-ios-sdk" */ = {
			isa = XCRemoteSwiftPackageReference;
			repositoryURL = "https://github.com/firebase/firebase-ios-sdk.git";
			requirement = {
				kind = upToNextMajorVersion;
				minimumVersion = 11.0.0;
			};
		};
		AE7780B0CFE5F3C7D315384A /* XCRemoteSwiftPackageReference "swift-protobuf" */ = {
			isa = XCRemoteSwiftPackageReference;
			repositoryURL = "https://github.com/apple/swift-protobuf.git";
			requirement = {
				kind = upToNextMajorVersion;
				minimumVersion = 1.28.0;
			};
		};
		E92046FD9422801DFC684791 /* XCRemoteSwiftPackageReference "Base58Swift" */ = {
			isa = XCRemoteSwiftPackageReference;
			repositoryURL = "https://github.com/keefertaylor/Base58Swift.git";
			requirement = {
				kind = upToNextMajorVersion;
				minimumVersion = 2.1.0;
			};
		};
/* End XCRemoteSwiftPackageReference section */

/* Begin XCSwiftPackageProductDependency section */
		13413BA24E06763D326438CC /* SwiftMnemonic */ = {
			isa = XCSwiftPackageProductDependency;
			package = 1A85B3F021FC6356EB2FCC94 /* XCRemoteSwiftPackageReference "swift-mnemonic" */;
			productName = SwiftMnemonic;
		};
		7051210C1CCF956B15728EB2 /* ULID */ = {
			isa = XCSwiftPackageProductDependency;
			package = 1315CD584F221955ED6C7EFC /* XCRemoteSwiftPackageReference "ULID.swift" */;
			productName = ULID;
		};
		79A5D86B008FB84CD73674AA /* SwiftMnemonic */ = {
			isa = XCSwiftPackageProductDependency;
			package = 1A85B3F021FC6356EB2FCC94 /* XCRemoteSwiftPackageReference "swift-mnemonic" */;
			productName = SwiftMnemonic;
		};
		843D20C5C1EE219362DCBF39 /* FirebaseFirestore */ = {
			isa = XCSwiftPackageProductDependency;
			package = 6BCE5C38D169A1D085900560 /* XCRemoteSwiftPackageReference "firebase-ios-sdk" */;
			productName = FirebaseFirestore;
		};
		CF4A672980744C252CE0BE17 /* ULID */ = {
			isa = XCSwiftPackageProductDependency;
			package = 1315CD584F221955ED6C7EFC /* XCRemoteSwiftPackageReference "ULID.swift" */;
			productName = ULID;
		};
		F118FFCB9DD858C7A0A80E52 /* FirebaseAuth */ = {
			isa = XCSwiftPackageProductDependency;
			package = 6BCE5C38D169A1D085900560 /* XCRemoteSwiftPackageReference "firebase-ios-sdk" */;
			productName = FirebaseAuth;
		};
		F34AF2C8808DC5C87DBA377C /* SwiftProtobuf */ = {
			isa = XCSwiftPackageProductDependency;
			package = AE7780B0CFE5F3C7D315384A /* XCRemoteSwiftPackageReference "swift-protobuf" */;
			productName = SwiftProtobuf;
		};
		F7675460E7EC690DE77B2CF3 /* Base58Swift */ = {
			isa = XCSwiftPackageProductDependency;
			package = E92046FD9422801DFC684791 /* XCRemoteSwiftPackageReference "Base58Swift" */;
			productName = Base58Swift;
		};
		F8EF690242180F32CE8BB5A3 /* Base58Swift */ = {
			isa = XCSwiftPackageProductDependency;
			package = E92046FD9422801DFC684791 /* XCRemoteSwiftPackageReference "Base58Swift" */;
			productName = Base58Swift;
		};
/* End XCSwiftPackageProductDependency section */
	};
	rootObject = E868AA7641A96F252AE83E55 /* Project object */;
}
